{
  "pins" : [
    {
      "identity" : "wwdc23resourcesswiftpackage",
      "kind" : "remoteSourceControl",
      "location" : "https://github.com/BhavinPat/WWDC23ResourcesSwiftPackage",
      "state" : {
        "branch" : "main",
        "revision" : "4ce993d046304ed2c1e2dd1372d1eb0ca345c39a"
      }
    }
  ],
  "version" : 2
}
