{
  "pins" : [
    {
      "identity" : "wwdc23resourcesswiftpackage",
      "kind" : "remoteSourceControl",
      "location" : "https://github.com/BhavinPat/WWDC23ResourcesSwiftPackage",
      "state" : {
        "branch" : "main",
        "revision" : "debe1364b0ac6f080c4c938d4ba30070cdacb51e"
      }
    }
  ],
  "version" : 2
}
