{
  "pins" : [
    {
      "identity" : "wwdc23resourcesswiftpackage",
      "kind" : "remoteSourceControl",
      "location" : "https://github.com/BhavinPat/WWDC23ResourcesSwiftPackage",
      "state" : {
        "branch" : "main",
        "revision" : "dbc37556340bff141909f17ed7b3fdb5ee46f611"
      }
    }
  ],
  "version" : 2
}
